
Microsoft Visual Studio Solution File, Format Version 11.00
# Visual Studio 2010
Project("{FAE04EC0-301F-11D3-BF4B-00C04F79EFBC}") = "CityIndexNewsWidget", "CityIndexNewsWidget\CityIndexNewsWidget.csproj", "{311A22A1-CFE1-4941-B9D7-1A88D0CBC24B}"
EndProject
Project("{FAE04EC0-301F-11D3-BF4B-00C04F79EFBC}") = "CityIndexNewsWidget.Web", "CityIndexNewsWidget.Web\CityIndexNewsWidget.Web.csproj", "{8E5BA3A4-F2F4-4313-8DB8-4FF0C9ADE6F5}"
EndProject
Global
	GlobalSection(SolutionConfigurationPlatforms) = preSolution
		Debug|Any CPU = Debug|Any CPU
		Release|Any CPU = Release|Any CPU
	EndGlobalSection
	GlobalSection(ProjectConfigurationPlatforms) = postSolution
		{311A22A1-CFE1-4941-B9D7-1A88D0CBC24B}.Debug|Any CPU.ActiveCfg = Debug|Any CPU
		{311A22A1-CFE1-4941-B9D7-1A88D0CBC24B}.Debug|Any CPU.Build.0 = Debug|Any CPU
		{311A22A1-CFE1-4941-B9D7-1A88D0CBC24B}.Release|Any CPU.ActiveCfg = Release|Any CPU
		{311A22A1-CFE1-4941-B9D7-1A88D0CBC24B}.Release|Any CPU.Build.0 = Release|Any CPU
		{8E5BA3A4-F2F4-4313-8DB8-4FF0C9ADE6F5}.Debug|Any CPU.ActiveCfg = Debug|Any CPU
		{8E5BA3A4-F2F4-4313-8DB8-4FF0C9ADE6F5}.Debug|Any CPU.Build.0 = Debug|Any CPU
		{8E5BA3A4-F2F4-4313-8DB8-4FF0C9ADE6F5}.Release|Any CPU.ActiveCfg = Release|Any CPU
		{8E5BA3A4-F2F4-4313-8DB8-4FF0C9ADE6F5}.Release|Any CPU.Build.0 = Release|Any CPU
	EndGlobalSection
	GlobalSection(SolutionProperties) = preSolution
		HideSolutionNode = FALSE
	EndGlobalSection
EndGlobal
